
Microsoft Visual Studio Solution File, Format Version 12.00
# Visual Studio Version 17
VisualStudioVersion = 17.7.34221.43
MinimumVisualStudioVersion = 10.0.40219.1
Project("{FAE04EC0-301F-11D3-BF4B-00C04F79EFBC}") = "CatalogueService", "CatalogueService\CatalogueService.csproj", "{C2AE921E-C820-4B46-87AE-0F678AC5B481}"
EndProject
Project("{2150E333-8FDC-42A3-9474-1A3956D46DE8}") = "src", "src", "{235CF5BB-5C66-4B50-91DE-EC1319C64C9B}"
EndProject
Global
	GlobalSection(SolutionConfigurationPlatforms) = preSolution
		Debug|Any CPU = Debug|Any CPU
		Release|Any CPU = Release|Any CPU
	EndGlobalSection
	GlobalSection(ProjectConfigurationPlatforms) = postSolution
		{C2AE921E-C820-4B46-87AE-0F678AC5B481}.Debug|Any CPU.ActiveCfg = Debug|Any CPU
		{C2AE921E-C820-4B46-87AE-0F678AC5B481}.Debug|Any CPU.Build.0 = Debug|Any CPU
		{C2AE921E-C820-4B46-87AE-0F678AC5B481}.Release|Any CPU.ActiveCfg = Release|Any CPU
		{C2AE921E-C820-4B46-87AE-0F678AC5B481}.Release|Any CPU.Build.0 = Release|Any CPU
	EndGlobalSection
	GlobalSection(SolutionProperties) = preSolution
		HideSolutionNode = FALSE
	EndGlobalSection
	GlobalSection(ExtensibilityGlobals) = postSolution
		SolutionGuid = {B8568BC3-044A-4125-AAB8-436DB1FA9F3E}
	EndGlobalSection
EndGlobal
